
Microsoft Visual Studio Solution File, Format Version 11.00
# Visual Studio 2010
Project("{FAE04EC0-301F-11D3-BF4B-00C04F79EFBC}") = "HeadStartVMS", "HeadStartVMS.csproj", "{9E7DA872-0146-4978-A459-8181B6DA95B6}"
EndProject
Project("{FAE04EC0-301F-11D3-BF4B-00C04F79EFBC}") = "BAL", "..\BAL\BAL.csproj", "{2B5D083C-8292-411E-8564-232E08F439C1}"
EndProject
Project("{FAE04EC0-301F-11D3-BF4B-00C04F79EFBC}") = "DAL", "..\DAL\DAL.csproj", "{6113283D-6C96-4185-9365-29E45AF4A400}"
EndProject
Global
	GlobalSection(SolutionConfigurationPlatforms) = preSolution
		Debug|Any CPU = Debug|Any CPU
		Release|Any CPU = Release|Any CPU
	EndGlobalSection
	GlobalSection(ProjectConfigurationPlatforms) = postSolution
		{9E7DA872-0146-4978-A459-8181B6DA95B6}.Debug|Any CPU.ActiveCfg = Debug|Any CPU
		{9E7DA872-0146-4978-A459-8181B6DA95B6}.Debug|Any CPU.Build.0 = Debug|Any CPU
		{9E7DA872-0146-4978-A459-8181B6DA95B6}.Release|Any CPU.ActiveCfg = Release|Any CPU
		{9E7DA872-0146-4978-A459-8181B6DA95B6}.Release|Any CPU.Build.0 = Release|Any CPU
		{2B5D083C-8292-411E-8564-232E08F439C1}.Debug|Any CPU.ActiveCfg = Debug|Any CPU
		{2B5D083C-8292-411E-8564-232E08F439C1}.Debug|Any CPU.Build.0 = Debug|Any CPU
		{2B5D083C-8292-411E-8564-232E08F439C1}.Release|Any CPU.ActiveCfg = Release|Any CPU
		{2B5D083C-8292-411E-8564-232E08F439C1}.Release|Any CPU.Build.0 = Release|Any CPU
		{6113283D-6C96-4185-9365-29E45AF4A400}.Debug|Any CPU.ActiveCfg = Debug|Any CPU
		{6113283D-6C96-4185-9365-29E45AF4A400}.Debug|Any CPU.Build.0 = Debug|Any CPU
		{6113283D-6C96-4185-9365-29E45AF4A400}.Release|Any CPU.ActiveCfg = Release|Any CPU
		{6113283D-6C96-4185-9365-29E45AF4A400}.Release|Any CPU.Build.0 = Release|Any CPU
	EndGlobalSection
	GlobalSection(SolutionProperties) = preSolution
		HideSolutionNode = FALSE
	EndGlobalSection
EndGlobal
